
Microsoft Visual Studio Solution File, Format Version 11.00
# Visual Studio 2010
Project("{FAE04EC0-301F-11D3-BF4B-00C04F79EFBC}") = "Assembly-CSharp", "Assembly-CSharp.csproj", "{d06a6dac-ed54-3614-cdfc-5bdeb7727ae3}"
EndProject
Project("{FAE04EC0-301F-11D3-BF4B-00C04F79EFBC}") = "sc.stylizedwater2.runtime", "sc.stylizedwater2.runtime.csproj", "{abe73664-6189-63b7-43fe-faa54c295bb4}"
EndProject
Project("{FAE04EC0-301F-11D3-BF4B-00C04F79EFBC}") = "sc.stylizedwater2.editor", "sc.stylizedwater2.editor.csproj", "{29767dc2-13ed-c6bc-3d2e-bbdd13935b0e}"
EndProject
Project("{FAE04EC0-301F-11D3-BF4B-00C04F79EFBC}") = "Assembly-CSharp-Editor", "Assembly-CSharp-Editor.csproj", "{5d93b68e-571c-7ac6-4157-ebc3b0ef9f0f}"
EndProject
Global
	GlobalSection(SolutionConfigurationPlatforms) = preSolution
		Debug|Any CPU = Debug|Any CPU
	EndGlobalSection
	GlobalSection(ProjectConfigurationPlatforms) = postSolution
		{d06a6dac-ed54-3614-cdfc-5bdeb7727ae3}.Debug|Any CPU.ActiveCfg = Debug|Any CPU
		{d06a6dac-ed54-3614-cdfc-5bdeb7727ae3}.Debug|Any CPU.Build.0 = Debug|Any CPU
		{abe73664-6189-63b7-43fe-faa54c295bb4}.Debug|Any CPU.ActiveCfg = Debug|Any CPU
		{abe73664-6189-63b7-43fe-faa54c295bb4}.Debug|Any CPU.Build.0 = Debug|Any CPU
		{29767dc2-13ed-c6bc-3d2e-bbdd13935b0e}.Debug|Any CPU.ActiveCfg = Debug|Any CPU
		{29767dc2-13ed-c6bc-3d2e-bbdd13935b0e}.Debug|Any CPU.Build.0 = Debug|Any CPU
		{5d93b68e-571c-7ac6-4157-ebc3b0ef9f0f}.Debug|Any CPU.ActiveCfg = Debug|Any CPU
		{5d93b68e-571c-7ac6-4157-ebc3b0ef9f0f}.Debug|Any CPU.Build.0 = Debug|Any CPU
	EndGlobalSection
	GlobalSection(SolutionProperties) = preSolution
		HideSolutionNode = FALSE
	EndGlobalSection
EndGlobal
