
Microsoft Visual Studio Solution File, Format Version 12.00
# Visual Studio 15
Project("{FAE04EC0-301F-11D3-BF4B-00C04F79EFBC}") = "sc.stylizedwater2.runtime", "sc.stylizedwater2.runtime.csproj", "{6436E7AB-8961-B763-43FE-FAA54C295BB4}"
EndProject
Project("{FAE04EC0-301F-11D3-BF4B-00C04F79EFBC}") = "Assembly-CSharp", "Assembly-CSharp.csproj", "{AC6D6AD0-54ED-1436-CDFC-5BDEB7727AE3}"
EndProject
Project("{FAE04EC0-301F-11D3-BF4B-00C04F79EFBC}") = "sc.stylizedwater2.editor", "sc.stylizedwater2.editor.csproj", "{C27D7629-ED13-BCC6-3D2E-BBDD13935B0E}"
EndProject
Project("{FAE04EC0-301F-11D3-BF4B-00C04F79EFBC}") = "Assembly-CSharp-Editor", "Assembly-CSharp-Editor.csproj", "{8EB6935D-1C57-C67A-4157-EBC3B0EF9F0F}"
EndProject
Global
	GlobalSection(SolutionConfigurationPlatforms) = preSolution
		Debug|Any CPU = Debug|Any CPU
		Release|Any CPU = Release|Any CPU
	EndGlobalSection
	GlobalSection(ProjectConfigurationPlatforms) = postSolution
		{6436E7AB-8961-B763-43FE-FAA54C295BB4}.Debug|Any CPU.ActiveCfg = Debug|Any CPU
		{6436E7AB-8961-B763-43FE-FAA54C295BB4}.Debug|Any CPU.Build.0 = Debug|Any CPU
		{6436E7AB-8961-B763-43FE-FAA54C295BB4}.Release|Any CPU.ActiveCfg = Release|Any CPU
		{6436E7AB-8961-B763-43FE-FAA54C295BB4}.Release|Any CPU.Build.0 = Release|Any CPU
		{AC6D6AD0-54ED-1436-CDFC-5BDEB7727AE3}.Debug|Any CPU.ActiveCfg = Debug|Any CPU
		{AC6D6AD0-54ED-1436-CDFC-5BDEB7727AE3}.Debug|Any CPU.Build.0 = Debug|Any CPU
		{AC6D6AD0-54ED-1436-CDFC-5BDEB7727AE3}.Release|Any CPU.ActiveCfg = Release|Any CPU
		{AC6D6AD0-54ED-1436-CDFC-5BDEB7727AE3}.Release|Any CPU.Build.0 = Release|Any CPU
		{C27D7629-ED13-BCC6-3D2E-BBDD13935B0E}.Debug|Any CPU.ActiveCfg = Debug|Any CPU
		{C27D7629-ED13-BCC6-3D2E-BBDD13935B0E}.Debug|Any CPU.Build.0 = Debug|Any CPU
		{C27D7629-ED13-BCC6-3D2E-BBDD13935B0E}.Release|Any CPU.ActiveCfg = Release|Any CPU
		{C27D7629-ED13-BCC6-3D2E-BBDD13935B0E}.Release|Any CPU.Build.0 = Release|Any CPU
		{8EB6935D-1C57-C67A-4157-EBC3B0EF9F0F}.Debug|Any CPU.ActiveCfg = Debug|Any CPU
		{8EB6935D-1C57-C67A-4157-EBC3B0EF9F0F}.Debug|Any CPU.Build.0 = Debug|Any CPU
		{8EB6935D-1C57-C67A-4157-EBC3B0EF9F0F}.Release|Any CPU.ActiveCfg = Release|Any CPU
		{8EB6935D-1C57-C67A-4157-EBC3B0EF9F0F}.Release|Any CPU.Build.0 = Release|Any CPU
	EndGlobalSection
	GlobalSection(SolutionProperties) = preSolution
		HideSolutionNode = FALSE
	EndGlobalSection
EndGlobal
